
Microsoft Visual Studio Solution File, Format Version 12.00
# Visual Studio Version 16
VisualStudioVersion = 16.0.30413.136
MinimumVisualStudioVersion = 10.0.40219.1
Project("{FAE04EC0-301F-11D3-BF4B-00C04F79EFBC}") = "Bela Kattis Solution", "Bela Kattis Solution.csproj", "{A3ECAA29-5DF2-4176-A8A7-2F3542528FCA}"
EndProject
Global
	GlobalSection(SolutionConfigurationPlatforms) = preSolution
		Debug|Any CPU = Debug|Any CPU
		Release|Any CPU = Release|Any CPU
	EndGlobalSection
	GlobalSection(ProjectConfigurationPlatforms) = postSolution
		{A3ECAA29-5DF2-4176-A8A7-2F3542528FCA}.Debug|Any CPU.ActiveCfg = Debug|Any CPU
		{A3ECAA29-5DF2-4176-A8A7-2F3542528FCA}.Debug|Any CPU.Build.0 = Debug|Any CPU
		{A3ECAA29-5DF2-4176-A8A7-2F3542528FCA}.Release|Any CPU.ActiveCfg = Release|Any CPU
		{A3ECAA29-5DF2-4176-A8A7-2F3542528FCA}.Release|Any CPU.Build.0 = Release|Any CPU
	EndGlobalSection
	GlobalSection(SolutionProperties) = preSolution
		HideSolutionNode = FALSE
	EndGlobalSection
	GlobalSection(ExtensibilityGlobals) = postSolution
		SolutionGuid = {D50BA392-67A0-47E1-A477-22542C977E37}
	EndGlobalSection
EndGlobal
